
Microsoft Visual Studio Solution File, Format Version 12.00
# Visual Studio Version 17
VisualStudioVersion = 17.5.33516.290
MinimumVisualStudioVersion = 10.0.40219.1
Project("{FAE04EC0-301F-11D3-BF4B-00C04F79EFBC}") = "cs26_delegate", "cs26_delegate\cs26_delegate.csproj", "{D22D0D30-7472-4F6B-BD60-839383176DAC}"
EndProject
Project("{FAE04EC0-301F-11D3-BF4B-00C04F79EFBC}") = "cs27_delegatechain", "cs27_delegatechain\cs27_delegatechain.csproj", "{ACD33A48-5634-41B8-A8A6-476E60248FFB}"
EndProject
Project("{FAE04EC0-301F-11D3-BF4B-00C04F79EFBC}") = "cs28_event", "cs28_event\cs28_event.csproj", "{EBA44E67-2A4C-424B-B5C8-4EBAD0139D5E}"
EndProject
Global
	GlobalSection(SolutionConfigurationPlatforms) = preSolution
		Debug|Any CPU = Debug|Any CPU
		Release|Any CPU = Release|Any CPU
	EndGlobalSection
	GlobalSection(ProjectConfigurationPlatforms) = postSolution
		{D22D0D30-7472-4F6B-BD60-839383176DAC}.Debug|Any CPU.ActiveCfg = Debug|Any CPU
		{D22D0D30-7472-4F6B-BD60-839383176DAC}.Debug|Any CPU.Build.0 = Debug|Any CPU
		{D22D0D30-7472-4F6B-BD60-839383176DAC}.Release|Any CPU.ActiveCfg = Release|Any CPU
		{D22D0D30-7472-4F6B-BD60-839383176DAC}.Release|Any CPU.Build.0 = Release|Any CPU
		{ACD33A48-5634-41B8-A8A6-476E60248FFB}.Debug|Any CPU.ActiveCfg = Debug|Any CPU
		{ACD33A48-5634-41B8-A8A6-476E60248FFB}.Debug|Any CPU.Build.0 = Debug|Any CPU
		{ACD33A48-5634-41B8-A8A6-476E60248FFB}.Release|Any CPU.ActiveCfg = Release|Any CPU
		{ACD33A48-5634-41B8-A8A6-476E60248FFB}.Release|Any CPU.Build.0 = Release|Any CPU
		{EBA44E67-2A4C-424B-B5C8-4EBAD0139D5E}.Debug|Any CPU.ActiveCfg = Debug|Any CPU
		{EBA44E67-2A4C-424B-B5C8-4EBAD0139D5E}.Debug|Any CPU.Build.0 = Debug|Any CPU
		{EBA44E67-2A4C-424B-B5C8-4EBAD0139D5E}.Release|Any CPU.ActiveCfg = Release|Any CPU
		{EBA44E67-2A4C-424B-B5C8-4EBAD0139D5E}.Release|Any CPU.Build.0 = Release|Any CPU
	EndGlobalSection
	GlobalSection(SolutionProperties) = preSolution
		HideSolutionNode = FALSE
	EndGlobalSection
	GlobalSection(ExtensibilityGlobals) = postSolution
		SolutionGuid = {F8BD592D-E3CC-41F2-9A5A-A25DEAE771C4}
	EndGlobalSection
EndGlobal
