
Microsoft Visual Studio Solution File, Format Version 12.00
# Visual Studio Version 17
VisualStudioVersion = 17.5.33516.290
MinimumVisualStudioVersion = 10.0.40219.1
Project("{FAE04EC0-301F-11D3-BF4B-00C04F79EFBC}") = "wf06_listview", "wf06_listview\wf06_listview.csproj", "{9E29FABD-950F-4D1C-8219-6F56DEEE0AFE}"
EndProject
Project("{FAE04EC0-301F-11D3-BF4B-00C04F79EFBC}") = "wf07_myexplorer", "wf07_myexplorer\wf07_myexplorer.csproj", "{686E1C5B-1DC2-4428-A17E-17DAFB4E1603}"
EndProject
Global
	GlobalSection(SolutionConfigurationPlatforms) = preSolution
		Debug|Any CPU = Debug|Any CPU
		Release|Any CPU = Release|Any CPU
	EndGlobalSection
	GlobalSection(ProjectConfigurationPlatforms) = postSolution
		{9E29FABD-950F-4D1C-8219-6F56DEEE0AFE}.Debug|Any CPU.ActiveCfg = Debug|Any CPU
		{9E29FABD-950F-4D1C-8219-6F56DEEE0AFE}.Debug|Any CPU.Build.0 = Debug|Any CPU
		{9E29FABD-950F-4D1C-8219-6F56DEEE0AFE}.Release|Any CPU.ActiveCfg = Release|Any CPU
		{9E29FABD-950F-4D1C-8219-6F56DEEE0AFE}.Release|Any CPU.Build.0 = Release|Any CPU
		{686E1C5B-1DC2-4428-A17E-17DAFB4E1603}.Debug|Any CPU.ActiveCfg = Debug|Any CPU
		{686E1C5B-1DC2-4428-A17E-17DAFB4E1603}.Debug|Any CPU.Build.0 = Debug|Any CPU
		{686E1C5B-1DC2-4428-A17E-17DAFB4E1603}.Release|Any CPU.ActiveCfg = Release|Any CPU
		{686E1C5B-1DC2-4428-A17E-17DAFB4E1603}.Release|Any CPU.Build.0 = Release|Any CPU
	EndGlobalSection
	GlobalSection(SolutionProperties) = preSolution
		HideSolutionNode = FALSE
	EndGlobalSection
	GlobalSection(ExtensibilityGlobals) = postSolution
		SolutionGuid = {1F34D588-37F6-4180-9C56-11DD48B8BF2E}
	EndGlobalSection
EndGlobal
