
Microsoft Visual Studio Solution File, Format Version 12.00
# Visual Studio Version 17
VisualStudioVersion = 17.5.33516.290
MinimumVisualStudioVersion = 10.0.40219.1
Project("{FAE04EC0-301F-11D3-BF4B-00C04F79EFBC}") = "wf01_simplewinapp", "wf01_simplewinapp\wf01_simplewinapp.csproj", "{539D0604-9674-4BA5-95C4-A97079C835A3}"
EndProject
Project("{FAE04EC0-301F-11D3-BF4B-00C04F79EFBC}") = "wf02_realwinapp", "wf02_realwinapp\wf02_realwinapp.csproj", "{DD33A021-17ED-49D9-82BA-D265DAAE80FD}"
EndProject
Project("{FAE04EC0-301F-11D3-BF4B-00C04F79EFBC}") = "wf03_property", "wf03_property\wf03_property.csproj", "{F07ECA4A-53BD-42C3-A02F-FA47EF471A11}"
EndProject
Global
	GlobalSection(SolutionConfigurationPlatforms) = preSolution
		Debug|Any CPU = Debug|Any CPU
		Release|Any CPU = Release|Any CPU
	EndGlobalSection
	GlobalSection(ProjectConfigurationPlatforms) = postSolution
		{539D0604-9674-4BA5-95C4-A97079C835A3}.Debug|Any CPU.ActiveCfg = Debug|Any CPU
		{539D0604-9674-4BA5-95C4-A97079C835A3}.Debug|Any CPU.Build.0 = Debug|Any CPU
		{539D0604-9674-4BA5-95C4-A97079C835A3}.Release|Any CPU.ActiveCfg = Release|Any CPU
		{539D0604-9674-4BA5-95C4-A97079C835A3}.Release|Any CPU.Build.0 = Release|Any CPU
		{DD33A021-17ED-49D9-82BA-D265DAAE80FD}.Debug|Any CPU.ActiveCfg = Debug|Any CPU
		{DD33A021-17ED-49D9-82BA-D265DAAE80FD}.Debug|Any CPU.Build.0 = Debug|Any CPU
		{DD33A021-17ED-49D9-82BA-D265DAAE80FD}.Release|Any CPU.ActiveCfg = Release|Any CPU
		{DD33A021-17ED-49D9-82BA-D265DAAE80FD}.Release|Any CPU.Build.0 = Release|Any CPU
		{F07ECA4A-53BD-42C3-A02F-FA47EF471A11}.Debug|Any CPU.ActiveCfg = Debug|Any CPU
		{F07ECA4A-53BD-42C3-A02F-FA47EF471A11}.Debug|Any CPU.Build.0 = Debug|Any CPU
		{F07ECA4A-53BD-42C3-A02F-FA47EF471A11}.Release|Any CPU.ActiveCfg = Release|Any CPU
		{F07ECA4A-53BD-42C3-A02F-FA47EF471A11}.Release|Any CPU.Build.0 = Release|Any CPU
	EndGlobalSection
	GlobalSection(SolutionProperties) = preSolution
		HideSolutionNode = FALSE
	EndGlobalSection
	GlobalSection(ExtensibilityGlobals) = postSolution
		SolutionGuid = {06FFDF8D-0D1E-4931-AF4D-D2D46012932A}
	EndGlobalSection
EndGlobal
