
Microsoft Visual Studio Solution File, Format Version 12.00
# Visual Studio Version 17
VisualStudioVersion = 17.5.33516.290
MinimumVisualStudioVersion = 10.0.40219.1
Project("{FAE04EC0-301F-11D3-BF4B-00C04F79EFBC}") = "wf04_filecopy", "wf04_filecopy\wf04_filecopy.csproj", "{906DCB38-1D30-4FF7-8985-792D18E16408}"
EndProject
Project("{FAE04EC0-301F-11D3-BF4B-00C04F79EFBC}") = "wf05_login", "wf05_login\wf05_login.csproj", "{4DBB0178-0056-427D-82B6-FE863A6AE8CC}"
EndProject
Global
	GlobalSection(SolutionConfigurationPlatforms) = preSolution
		Debug|Any CPU = Debug|Any CPU
		Release|Any CPU = Release|Any CPU
	EndGlobalSection
	GlobalSection(ProjectConfigurationPlatforms) = postSolution
		{906DCB38-1D30-4FF7-8985-792D18E16408}.Debug|Any CPU.ActiveCfg = Debug|Any CPU
		{906DCB38-1D30-4FF7-8985-792D18E16408}.Debug|Any CPU.Build.0 = Debug|Any CPU
		{906DCB38-1D30-4FF7-8985-792D18E16408}.Release|Any CPU.ActiveCfg = Release|Any CPU
		{906DCB38-1D30-4FF7-8985-792D18E16408}.Release|Any CPU.Build.0 = Release|Any CPU
		{4DBB0178-0056-427D-82B6-FE863A6AE8CC}.Debug|Any CPU.ActiveCfg = Debug|Any CPU
		{4DBB0178-0056-427D-82B6-FE863A6AE8CC}.Debug|Any CPU.Build.0 = Debug|Any CPU
		{4DBB0178-0056-427D-82B6-FE863A6AE8CC}.Release|Any CPU.ActiveCfg = Release|Any CPU
		{4DBB0178-0056-427D-82B6-FE863A6AE8CC}.Release|Any CPU.Build.0 = Release|Any CPU
	EndGlobalSection
	GlobalSection(SolutionProperties) = preSolution
		HideSolutionNode = FALSE
	EndGlobalSection
	GlobalSection(ExtensibilityGlobals) = postSolution
		SolutionGuid = {41D68149-00CE-4CA9-959D-FBCA78241559}
	EndGlobalSection
EndGlobal
